
Microsoft Visual Studio Solution File, Format Version 12.00
# Visual Studio Version 17
VisualStudioVersion = 17.9.34902.65
MinimumVisualStudioVersion = 10.0.40219.1
Project("{00D1A9C2-B5F0-4AF3-8072-F6C62B433612}") = "CriacaoDataLake", "CriacaoDataLake\CriacaoDataLake.sqlproj", "{F4317529-5323-4C7E-904C-16D656A0D1A6}"
EndProject
Project("{C9674DCB-5085-4A16-B785-4C70DD1589BD}") = "CargaDatawarehouse", "CargaDatawarehouse\CargaDatawarehouse.dtproj", "{C131C1C8-D7D8-4E9C-8F48-5C9C74523D5E}"
EndProject
Global
	GlobalSection(SolutionConfigurationPlatforms) = preSolution
		Debug|Any CPU = Debug|Any CPU
		Development|Any CPU = Development|Any CPU
		Release|Any CPU = Release|Any CPU
	EndGlobalSection
	GlobalSection(ProjectConfigurationPlatforms) = postSolution
		{F4317529-5323-4C7E-904C-16D656A0D1A6}.Debug|Any CPU.ActiveCfg = Debug|Any CPU
		{F4317529-5323-4C7E-904C-16D656A0D1A6}.Debug|Any CPU.Build.0 = Debug|Any CPU
		{F4317529-5323-4C7E-904C-16D656A0D1A6}.Debug|Any CPU.Deploy.0 = Debug|Any CPU
		{F4317529-5323-4C7E-904C-16D656A0D1A6}.Development|Any CPU.ActiveCfg = Debug|Any CPU
		{F4317529-5323-4C7E-904C-16D656A0D1A6}.Development|Any CPU.Build.0 = Debug|Any CPU
		{F4317529-5323-4C7E-904C-16D656A0D1A6}.Development|Any CPU.Deploy.0 = Debug|Any CPU
		{F4317529-5323-4C7E-904C-16D656A0D1A6}.Release|Any CPU.ActiveCfg = Release|Any CPU
		{F4317529-5323-4C7E-904C-16D656A0D1A6}.Release|Any CPU.Build.0 = Release|Any CPU
		{F4317529-5323-4C7E-904C-16D656A0D1A6}.Release|Any CPU.Deploy.0 = Release|Any CPU
		{C131C1C8-D7D8-4E9C-8F48-5C9C74523D5E}.Debug|Any CPU.ActiveCfg = Development
		{C131C1C8-D7D8-4E9C-8F48-5C9C74523D5E}.Debug|Any CPU.Build.0 = Development
		{C131C1C8-D7D8-4E9C-8F48-5C9C74523D5E}.Development|Any CPU.ActiveCfg = Development
		{C131C1C8-D7D8-4E9C-8F48-5C9C74523D5E}.Development|Any CPU.Build.0 = Development
		{C131C1C8-D7D8-4E9C-8F48-5C9C74523D5E}.Release|Any CPU.ActiveCfg = Development
		{C131C1C8-D7D8-4E9C-8F48-5C9C74523D5E}.Release|Any CPU.Build.0 = Development
	EndGlobalSection
	GlobalSection(SolutionProperties) = preSolution
		HideSolutionNode = FALSE
	EndGlobalSection
	GlobalSection(ExtensibilityGlobals) = postSolution
		SolutionGuid = {7DA28590-267C-4206-A656-362E66FF77FE}
	EndGlobalSection
EndGlobal
